
Microsoft Visual Studio Solution File, Format Version 12.00
# Visual Studio Version 17
VisualStudioVersion = 17.8.34511.84
MinimumVisualStudioVersion = 10.0.40219.1
Project("{FAE04EC0-301F-11D3-BF4B-00C04F79EFBC}") = "Service.A.Api", "Service.A.Api\Service.A.Api.csproj", "{D2CFF1CA-764E-45B7-B1B3-D0773A847BBB}"
EndProject
Project("{FAE04EC0-301F-11D3-BF4B-00C04F79EFBC}") = "Service.B.Api", "Service.B.Api\Service.B.Api.csproj", "{7A97D9D2-53B4-4A98-B850-8B452C7D02BE}"
EndProject
Project("{FAE04EC0-301F-11D3-BF4B-00C04F79EFBC}") = "DemoPublic.Api", "DemoPublic.Api\DemoPublic.Api.csproj", "{119CF6D5-83AE-4BC7-A761-5492C404D823}"
EndProject
Project("{FAE04EC0-301F-11D3-BF4B-00C04F79EFBC}") = "JwtAuth.Common", "JwtAuth.Common\JwtAuth.Common.csproj", "{23417EA1-4785-472A-A6C5-F53B8DD3BFE4}"
EndProject
Global
	GlobalSection(SolutionConfigurationPlatforms) = preSolution
		Debug|Any CPU = Debug|Any CPU
		Release|Any CPU = Release|Any CPU
	EndGlobalSection
	GlobalSection(ProjectConfigurationPlatforms) = postSolution
		{D2CFF1CA-764E-45B7-B1B3-D0773A847BBB}.Debug|Any CPU.ActiveCfg = Debug|Any CPU
		{D2CFF1CA-764E-45B7-B1B3-D0773A847BBB}.Debug|Any CPU.Build.0 = Debug|Any CPU
		{D2CFF1CA-764E-45B7-B1B3-D0773A847BBB}.Release|Any CPU.ActiveCfg = Release|Any CPU
		{D2CFF1CA-764E-45B7-B1B3-D0773A847BBB}.Release|Any CPU.Build.0 = Release|Any CPU
		{7A97D9D2-53B4-4A98-B850-8B452C7D02BE}.Debug|Any CPU.ActiveCfg = Debug|Any CPU
		{7A97D9D2-53B4-4A98-B850-8B452C7D02BE}.Debug|Any CPU.Build.0 = Debug|Any CPU
		{7A97D9D2-53B4-4A98-B850-8B452C7D02BE}.Release|Any CPU.ActiveCfg = Release|Any CPU
		{7A97D9D2-53B4-4A98-B850-8B452C7D02BE}.Release|Any CPU.Build.0 = Release|Any CPU
		{119CF6D5-83AE-4BC7-A761-5492C404D823}.Debug|Any CPU.ActiveCfg = Debug|Any CPU
		{119CF6D5-83AE-4BC7-A761-5492C404D823}.Debug|Any CPU.Build.0 = Debug|Any CPU
		{119CF6D5-83AE-4BC7-A761-5492C404D823}.Release|Any CPU.ActiveCfg = Release|Any CPU
		{119CF6D5-83AE-4BC7-A761-5492C404D823}.Release|Any CPU.Build.0 = Release|Any CPU
		{23417EA1-4785-472A-A6C5-F53B8DD3BFE4}.Debug|Any CPU.ActiveCfg = Debug|Any CPU
		{23417EA1-4785-472A-A6C5-F53B8DD3BFE4}.Debug|Any CPU.Build.0 = Debug|Any CPU
		{23417EA1-4785-472A-A6C5-F53B8DD3BFE4}.Release|Any CPU.ActiveCfg = Release|Any CPU
		{23417EA1-4785-472A-A6C5-F53B8DD3BFE4}.Release|Any CPU.Build.0 = Release|Any CPU
	EndGlobalSection
	GlobalSection(SolutionProperties) = preSolution
		HideSolutionNode = FALSE
	EndGlobalSection
	GlobalSection(ExtensibilityGlobals) = postSolution
		SolutionGuid = {27D1BD5B-6756-4489-B6FE-AB6E53EF7CBF}
	EndGlobalSection
EndGlobal
